
Microsoft Visual Studio Solution File, Format Version 12.00
# Visual Studio Version 17
VisualStudioVersion = 17.14.36127.28 d17.14
MinimumVisualStudioVersion = 10.0.40219.1
Project("{FAE04EC0-301F-11D3-BF4B-00C04F79EFBC}") = "Book Management CRUD", "Book Management CRUD.csproj", "{FD09CAA0-E664-2D21-BF49-618F5E65CCF6}"
EndProject
Global
	GlobalSection(SolutionConfigurationPlatforms) = preSolution
		Debug|Any CPU = Debug|Any CPU
		Release|Any CPU = Release|Any CPU
	EndGlobalSection
	GlobalSection(ProjectConfigurationPlatforms) = postSolution
		{FD09CAA0-E664-2D21-BF49-618F5E65CCF6}.Debug|Any CPU.ActiveCfg = Debug|Any CPU
		{FD09CAA0-E664-2D21-BF49-618F5E65CCF6}.Debug|Any CPU.Build.0 = Debug|Any CPU
		{FD09CAA0-E664-2D21-BF49-618F5E65CCF6}.Release|Any CPU.ActiveCfg = Release|Any CPU
		{FD09CAA0-E664-2D21-BF49-618F5E65CCF6}.Release|Any CPU.Build.0 = Release|Any CPU
	EndGlobalSection
	GlobalSection(SolutionProperties) = preSolution
		HideSolutionNode = FALSE
	EndGlobalSection
	GlobalSection(ExtensibilityGlobals) = postSolution
		SolutionGuid = {8FD84B2E-6519-4E6F-919A-5E9FF4F3B5A5}
	EndGlobalSection
EndGlobal
